// !$*UTF8*$!
{
	archiveVersion = 1;
	classes = {
	};
	objectVersion = 56;
	objects = {

/* Begin PBXBuildFile section */
		E07A20622C98041600557A22 /* PopupLogApp.swift in Sources */ = {isa = PBXBuildFile; fileRef = E07A20612C98041600557A22 /* PopupLogApp.swift */; };
		E07A20642C98041600557A22 /* ContentView.swift in Sources */ = {isa = PBXBuildFile; fileRef = E07A20632C98041600557A22 /* ContentView.swift */; };
		E07A20662C98041700557A22 /* Assets.xcassets in Resources */ = {isa = PBXBuildFile; fileRef = E07A20652C98041700557A22 /* Assets.xcassets */; };
		E07A20692C98041700557A22 /* Preview Assets.xcassets in Resources */ = {isa = PBXBuildFile; fileRef = E07A20682C98041700557A22 /* Preview Assets.xcassets */; };
		E07A20702C98042900557A22 /* .gitignore in Resources */ = {isa = PBXBuildFile; fileRef = E07A206F2C98042900557A22 /* .gitignore */; };
		E07A20782C98046500557A22 /* Color + Extension.swift in Sources */ = {isa = PBXBuildFile; fileRef = E07A20772C98046500557A22 /* Color + Extension.swift */; };
		E07A207C2C9804B300557A22 /* FSCalendarViewControllerWrapper.swift in Sources */ = {isa = PBXBuildFile; fileRef = E07A207B2C9804B300557A22 /* FSCalendarViewControllerWrapper.swift */; };
		E07A207F2C9804BE00557A22 /* SnapKit in Frameworks */ = {isa = PBXBuildFile; productRef = E07A207E2C9804BE00557A22 /* SnapKit */; };
		E07A20822C9804C600557A22 /* FSCalendar in Frameworks */ = {isa = PBXBuildFile; productRef = E07A20812C9804C600557A22 /* FSCalendar */; };
		E07A20862C98050400557A22 /* CalendarCell.swift in Sources */ = {isa = PBXBuildFile; fileRef = E07A20852C98050400557A22 /* CalendarCell.swift */; };
		E07A20882C98055F00557A22 /* CalendarView.swift in Sources */ = {isa = PBXBuildFile; fileRef = E07A20872C98055F00557A22 /* CalendarView.swift */; };
		E07A208B2C98058D00557A22 /* CalendarViewModel.swift in Sources */ = {isa = PBXBuildFile; fileRef = E07A208A2C98058D00557A22 /* CalendarViewModel.swift */; };
		E07A208D2C9805BF00557A22 /* BottomSheetView.swift in Sources */ = {isa = PBXBuildFile; fileRef = E07A208C2C9805BF00557A22 /* BottomSheetView.swift */; };
		E07A20902C98062200557A22 /* Resources.swift in Sources */ = {isa = PBXBuildFile; fileRef = E07A208F2C98062200557A22 /* Resources.swift */; };
		E07A20922C98085E00557A22 /* Detents.swift in Sources */ = {isa = PBXBuildFile; fileRef = E07A20912C98085E00557A22 /* Detents.swift */; };
		E07A20952C980A0400557A22 /* NavigationBarWrapper.swift in Sources */ = {isa = PBXBuildFile; fileRef = E07A20942C980A0400557A22 /* NavigationBarWrapper.swift */; };
/* End PBXBuildFile section */

/* Begin PBXFileReference section */
		E07A205E2C98041600557A22 /* PopupLog.app */ = {isa = PBXFileReference; explicitFileType = wrapper.application; includeInIndex = 0; path = PopupLog.app; sourceTree = BUILT_PRODUCTS_DIR; };
		E07A20612C98041600557A22 /* PopupLogApp.swift */ = {isa = PBXFileReference; lastKnownFileType = sourcecode.swift; path = PopupLogApp.swift; sourceTree = "<group>"; };
		E07A20632C98041600557A22 /* ContentView.swift */ = {isa = PBXFileReference; lastKnownFileType = sourcecode.swift; path = ContentView.swift; sourceTree = "<group>"; };
		E07A20652C98041700557A22 /* Assets.xcassets */ = {isa = PBXFileReference; lastKnownFileType = folder.assetcatalog; path = Assets.xcassets; sourceTree = "<group>"; };
		E07A20682C98041700557A22 /* Preview Assets.xcassets */ = {isa = PBXFileReference; lastKnownFileType = folder.assetcatalog; path = "Preview Assets.xcassets"; sourceTree = "<group>"; };
		E07A206F2C98042900557A22 /* .gitignore */ = {isa = PBXFileReference; lastKnownFileType = text; path = .gitignore; sourceTree = "<group>"; };
		E07A20772C98046500557A22 /* Color + Extension.swift */ = {isa = PBXFileReference; lastKnownFileType = sourcecode.swift; path = "Color + Extension.swift"; sourceTree = "<group>"; };
		E07A207B2C9804B300557A22 /* FSCalendarViewControllerWrapper.swift */ = {isa = PBXFileReference; lastKnownFileType = sourcecode.swift; path = FSCalendarViewControllerWrapper.swift; sourceTree = "<group>"; };
		E07A20852C98050400557A22 /* CalendarCell.swift */ = {isa = PBXFileReference; lastKnownFileType = sourcecode.swift; path = CalendarCell.swift; sourceTree = "<group>"; };
		E07A20872C98055F00557A22 /* CalendarView.swift */ = {isa = PBXFileReference; lastKnownFileType = sourcecode.swift; path = CalendarView.swift; sourceTree = "<group>"; };
		E07A208A2C98058D00557A22 /* CalendarViewModel.swift */ = {isa = PBXFileReference; lastKnownFileType = sourcecode.swift; path = CalendarViewModel.swift; sourceTree = "<group>"; };
		E07A208C2C9805BF00557A22 /* BottomSheetView.swift */ = {isa = PBXFileReference; lastKnownFileType = sourcecode.swift; path = BottomSheetView.swift; sourceTree = "<group>"; };
		E07A208F2C98062200557A22 /* Resources.swift */ = {isa = PBXFileReference; lastKnownFileType = sourcecode.swift; path = Resources.swift; sourceTree = "<group>"; };
		E07A20912C98085E00557A22 /* Detents.swift */ = {isa = PBXFileReference; lastKnownFileType = sourcecode.swift; path = Detents.swift; sourceTree = "<group>"; };
		E07A20942C980A0400557A22 /* NavigationBarWrapper.swift */ = {isa = PBXFileReference; lastKnownFileType = sourcecode.swift; path = NavigationBarWrapper.swift; sourceTree = "<group>"; };
/* End PBXFileReference section */

/* Begin PBXFrameworksBuildPhase section */
		E07A205B2C98041600557A22 /* Frameworks */ = {
			isa = PBXFrameworksBuildPhase;
			buildActionMask = 2147483647;
			files = (
				E07A207F2C9804BE00557A22 /* SnapKit in Frameworks */,
				E07A20822C9804C600557A22 /* FSCalendar in Frameworks */,
			);
			runOnlyForDeploymentPostprocessing = 0;
		};
/* End PBXFrameworksBuildPhase section */

/* Begin PBXGroup section */
		E07A20552C98041600557A22 = {
			isa = PBXGroup;
			children = (
				E07A206F2C98042900557A22 /* .gitignore */,
				E07A20602C98041600557A22 /* PopupLog */,
				E07A205F2C98041600557A22 /* Products */,
			);
			sourceTree = "<group>";
		};
		E07A205F2C98041600557A22 /* Products */ = {
			isa = PBXGroup;
			children = (
				E07A205E2C98041600557A22 /* PopupLog.app */,
			);
			name = Products;
			sourceTree = "<group>";
		};
		E07A20602C98041600557A22 /* PopupLog */ = {
			isa = PBXGroup;
			children = (
				E07A20792C98049D00557A22 /* Calendar */,
				E07A20752C98045600557A22 /* Resources */,
				E07A20612C98041600557A22 /* PopupLogApp.swift */,
				E07A20632C98041600557A22 /* ContentView.swift */,
				E07A20652C98041700557A22 /* Assets.xcassets */,
				E07A20672C98041700557A22 /* Preview Content */,
			);
			path = PopupLog;
			sourceTree = "<group>";
		};
		E07A20672C98041700557A22 /* Preview Content */ = {
			isa = PBXGroup;
			children = (
				E07A20682C98041700557A22 /* Preview Assets.xcassets */,
			);
			path = "Preview Content";
			sourceTree = "<group>";
		};
		E07A20752C98045600557A22 /* Resources */ = {
			isa = PBXGroup;
			children = (
				E07A20932C9809FD00557A22 /* Wrapper */,
				E07A208F2C98062200557A22 /* Resources.swift */,
				E07A20912C98085E00557A22 /* Detents.swift */,
				E07A20762C98045D00557A22 /* Extension */,
			);
			path = Resources;
			sourceTree = "<group>";
		};
		E07A20762C98045D00557A22 /* Extension */ = {
			isa = PBXGroup;
			children = (
				E07A20772C98046500557A22 /* Color + Extension.swift */,
			);
			path = Extension;
			sourceTree = "<group>";
		};
		E07A20792C98049D00557A22 /* Calendar */ = {
			isa = PBXGroup;
			children = (
				E07A207A2C9804A600557A22 /* FSCalendar */,
				E07A20872C98055F00557A22 /* CalendarView.swift */,
				E07A208C2C9805BF00557A22 /* BottomSheetView.swift */,
				E07A208A2C98058D00557A22 /* CalendarViewModel.swift */,
			);
			path = Calendar;
			sourceTree = "<group>";
		};
		E07A207A2C9804A600557A22 /* FSCalendar */ = {
			isa = PBXGroup;
			children = (
				E07A207B2C9804B300557A22 /* FSCalendarViewControllerWrapper.swift */,
				E07A20852C98050400557A22 /* CalendarCell.swift */,
			);
			path = FSCalendar;
			sourceTree = "<group>";
		};
		E07A20932C9809FD00557A22 /* Wrapper */ = {
			isa = PBXGroup;
			children = (
				E07A20942C980A0400557A22 /* NavigationBarWrapper.swift */,
			);
			path = Wrapper;
			sourceTree = "<group>";
		};
/* End PBXGroup section */

/* Begin PBXNativeTarget section */
		E07A205D2C98041600557A22 /* PopupLog */ = {
			isa = PBXNativeTarget;
			buildConfigurationList = E07A206C2C98041700557A22 /* Build configuration list for PBXNativeTarget "PopupLog" */;
			buildPhases = (
				E07A205A2C98041600557A22 /* Sources */,
				E07A205B2C98041600557A22 /* Frameworks */,
				E07A205C2C98041600557A22 /* Resources */,
			);
			buildRules = (
			);
			dependencies = (
			);
			name = PopupLog;
			packageProductDependencies = (
				E07A207E2C9804BE00557A22 /* SnapKit */,
				E07A20812C9804C600557A22 /* FSCalendar */,
			);
			productName = PopupLog;
			productReference = E07A205E2C98041600557A22 /* PopupLog.app */;
			productType = "com.apple.product-type.application";
		};
/* End PBXNativeTarget section */

/* Begin PBXProject section */
		E07A20562C98041600557A22 /* Project object */ = {
			isa = PBXProject;
			attributes = {
				BuildIndependentTargetsInParallel = 1;
				LastSwiftUpdateCheck = 1530;
				LastUpgradeCheck = 1530;
				TargetAttributes = {
					E07A205D2C98041600557A22 = {
						CreatedOnToolsVersion = 15.3;
					};
				};
			};
			buildConfigurationList = E07A20592C98041600557A22 /* Build configuration list for PBXProject "PopupLog" */;
			compatibilityVersion = "Xcode 14.0";
			developmentRegion = en;
			hasScannedForEncodings = 0;
			knownRegions = (
				en,
				Base,
			);
			mainGroup = E07A20552C98041600557A22;
			packageReferences = (
				E07A207D2C9804BE00557A22 /* XCRemoteSwiftPackageReference "SnapKit" */,
				E07A20802C9804C600557A22 /* XCRemoteSwiftPackageReference "FSCalendar" */,
			);
			productRefGroup = E07A205F2C98041600557A22 /* Products */;
			projectDirPath = "";
			projectRoot = "";
			targets = (
				E07A205D2C98041600557A22 /* PopupLog */,
			);
		};
/* End PBXProject section */

/* Begin PBXResourcesBuildPhase section */
		E07A205C2C98041600557A22 /* Resources */ = {
			isa = PBXResourcesBuildPhase;
			buildActionMask = 2147483647;
			files = (
				E07A20692C98041700557A22 /* Preview Assets.xcassets in Resources */,
				E07A20702C98042900557A22 /* .gitignore in Resources */,
				E07A20662C98041700557A22 /* Assets.xcassets in Resources */,
			);
			runOnlyForDeploymentPostprocessing = 0;
		};
/* End PBXResourcesBuildPhase section */

/* Begin PBXSourcesBuildPhase section */
		E07A205A2C98041600557A22 /* Sources */ = {
			isa = PBXSourcesBuildPhase;
			buildActionMask = 2147483647;
			files = (
				E07A20642C98041600557A22 /* ContentView.swift in Sources */,
				E07A208D2C9805BF00557A22 /* BottomSheetView.swift in Sources */,
				E07A20952C980A0400557A22 /* NavigationBarWrapper.swift in Sources */,
				E07A20622C98041600557A22 /* PopupLogApp.swift in Sources */,
				E07A20922C98085E00557A22 /* Detents.swift in Sources */,
				E07A20882C98055F00557A22 /* CalendarView.swift in Sources */,
				E07A20782C98046500557A22 /* Color + Extension.swift in Sources */,
				E07A207C2C9804B300557A22 /* FSCalendarViewControllerWrapper.swift in Sources */,
				E07A20902C98062200557A22 /* Resources.swift in Sources */,
				E07A20862C98050400557A22 /* CalendarCell.swift in Sources */,
				E07A208B2C98058D00557A22 /* CalendarViewModel.swift in Sources */,
			);
			runOnlyForDeploymentPostprocessing = 0;
		};
/* End PBXSourcesBuildPhase section */

/* Begin XCBuildConfiguration section */
		E07A206A2C98041700557A22 /* Debug */ = {
			isa = XCBuildConfiguration;
			buildSettings = {
				ALWAYS_SEARCH_USER_PATHS = NO;
				ASSETCATALOG_COMPILER_GENERATE_SWIFT_ASSET_SYMBOL_EXTENSIONS = YES;
				CLANG_ANALYZER_NONNULL = YES;
				CLANG_ANALYZER_NUMBER_OBJECT_CONVERSION = YES_AGGRESSIVE;
				CLANG_CXX_LANGUAGE_STANDARD = "gnu++20";
				CLANG_ENABLE_MODULES = YES;
				CLANG_ENABLE_OBJC_ARC = YES;
				CLANG_ENABLE_OBJC_WEAK = YES;
				CLANG_WARN_BLOCK_CAPTURE_AUTORELEASING = YES;
				CLANG_WARN_BOOL_CONVERSION = YES;
				CLANG_WARN_COMMA = YES;
				CLANG_WARN_CONSTANT_CONVERSION = YES;
				CLANG_WARN_DEPRECATED_OBJC_IMPLEMENTATIONS = YES;
				CLANG_WARN_DIRECT_OBJC_ISA_USAGE = YES_ERROR;
				CLANG_WARN_DOCUMENTATION_COMMENTS = YES;
				CLANG_WARN_EMPTY_BODY = YES;
				CLANG_WARN_ENUM_CONVERSION = YES;
				CLANG_WARN_INFINITE_RECURSION = YES;
				CLANG_WARN_INT_CONVERSION = YES;
				CLANG_WARN_NON_LITERAL_NULL_CONVERSION = YES;
				CLANG_WARN_OBJC_IMPLICIT_RETAIN_SELF = YES;
				CLANG_WARN_OBJC_LITERAL_CONVERSION = YES;
				CLANG_WARN_OBJC_ROOT_CLASS = YES_ERROR;
				CLANG_WARN_QUOTED_INCLUDE_IN_FRAMEWORK_HEADER = YES;
				CLANG_WARN_RANGE_LOOP_ANALYSIS = YES;
				CLANG_WARN_STRICT_PROTOTYPES = YES;
				CLANG_WARN_SUSPICIOUS_MOVE = YES;
				CLANG_WARN_UNGUARDED_AVAILABILITY = YES_AGGRESSIVE;
				CLANG_WARN_UNREACHABLE_CODE = YES;
				CLANG_WARN__DUPLICATE_METHOD_MATCH = YES;
				COPY_PHASE_STRIP = NO;
				DEBUG_INFORMATION_FORMAT = dwarf;
				ENABLE_STRICT_OBJC_MSGSEND = YES;
				ENABLE_TESTABILITY = YES;
				ENABLE_USER_SCRIPT_SANDBOXING = YES;
				GCC_C_LANGUAGE_STANDARD = gnu17;
				GCC_DYNAMIC_NO_PIC = NO;
				GCC_NO_COMMON_BLOCKS = YES;
				GCC_OPTIMIZATION_LEVEL = 0;
				GCC_PREPROCESSOR_DEFINITIONS = (
					"DEBUG=1",
					"$(inherited)",
				);
				GCC_WARN_64_TO_32_BIT_CONVERSION = YES;
				GCC_WARN_ABOUT_RETURN_TYPE = YES_ERROR;
				GCC_WARN_UNDECLARED_SELECTOR = YES;
				GCC_WARN_UNINITIALIZED_AUTOS = YES_AGGRESSIVE;
				GCC_WARN_UNUSED_FUNCTION = YES;
				GCC_WARN_UNUSED_VARIABLE = YES;
				IPHONEOS_DEPLOYMENT_TARGET = 17.4;
				LOCALIZATION_PREFERS_STRING_CATALOGS = YES;
				MTL_ENABLE_DEBUG_INFO = INCLUDE_SOURCE;
				MTL_FAST_MATH = YES;
				ONLY_ACTIVE_ARCH = YES;
				SDKROOT = iphoneos;
				SWIFT_ACTIVE_COMPILATION_CONDITIONS = "DEBUG $(inherited)";
				SWIFT_OPTIMIZATION_LEVEL = "-Onone";
			};
			name = Debug;
		};
		E07A206B2C98041700557A22 /* Release */ = {
			isa = XCBuildConfiguration;
			buildSettings = {
				ALWAYS_SEARCH_USER_PATHS = NO;
				ASSETCATALOG_COMPILER_GENERATE_SWIFT_ASSET_SYMBOL_EXTENSIONS = YES;
				CLANG_ANALYZER_NONNULL = YES;
				CLANG_ANALYZER_NUMBER_OBJECT_CONVERSION = YES_AGGRESSIVE;
				CLANG_CXX_LANGUAGE_STANDARD = "gnu++20";
				CLANG_ENABLE_MODULES = YES;
				CLANG_ENABLE_OBJC_ARC = YES;
				CLANG_ENABLE_OBJC_WEAK = YES;
				CLANG_WARN_BLOCK_CAPTURE_AUTORELEASING = YES;
				CLANG_WARN_BOOL_CONVERSION = YES;
				CLANG_WARN_COMMA = YES;
				CLANG_WARN_CONSTANT_CONVERSION = YES;
				CLANG_WARN_DEPRECATED_OBJC_IMPLEMENTATIONS = YES;
				CLANG_WARN_DIRECT_OBJC_ISA_USAGE = YES_ERROR;
				CLANG_WARN_DOCUMENTATION_COMMENTS = YES;
				CLANG_WARN_EMPTY_BODY = YES;
				CLANG_WARN_ENUM_CONVERSION = YES;
				CLANG_WARN_INFINITE_RECURSION = YES;
				CLANG_WARN_INT_CONVERSION = YES;
				CLANG_WARN_NON_LITERAL_NULL_CONVERSION = YES;
				CLANG_WARN_OBJC_IMPLICIT_RETAIN_SELF = YES;
				CLANG_WARN_OBJC_LITERAL_CONVERSION = YES;
				CLANG_WARN_OBJC_ROOT_CLASS = YES_ERROR;
				CLANG_WARN_QUOTED_INCLUDE_IN_FRAMEWORK_HEADER = YES;
				CLANG_WARN_RANGE_LOOP_ANALYSIS = YES;
				CLANG_WARN_STRICT_PROTOTYPES = YES;
				CLANG_WARN_SUSPICIOUS_MOVE = YES;
				CLANG_WARN_UNGUARDED_AVAILABILITY = YES_AGGRESSIVE;
				CLANG_WARN_UNREACHABLE_CODE = YES;
				CLANG_WARN__DUPLICATE_METHOD_MATCH = YES;
				COPY_PHASE_STRIP = NO;
				DEBUG_INFORMATION_FORMAT = "dwarf-with-dsym";
				ENABLE_NS_ASSERTIONS = NO;
				ENABLE_STRICT_OBJC_MSGSEND = YES;
				ENABLE_USER_SCRIPT_SANDBOXING = YES;
				GCC_C_LANGUAGE_STANDARD = gnu17;
				GCC_NO_COMMON_BLOCKS = YES;
				GCC_WARN_64_TO_32_BIT_CONVERSION = YES;
				GCC_WARN_ABOUT_RETURN_TYPE = YES_ERROR;
				GCC_WARN_UNDECLARED_SELECTOR = YES;
				GCC_WARN_UNINITIALIZED_AUTOS = YES_AGGRESSIVE;
				GCC_WARN_UNUSED_FUNCTION = YES;
				GCC_WARN_UNUSED_VARIABLE = YES;
				IPHONEOS_DEPLOYMENT_TARGET = 17.4;
				LOCALIZATION_PREFERS_STRING_CATALOGS = YES;
				MTL_ENABLE_DEBUG_INFO = NO;
				MTL_FAST_MATH = YES;
				SDKROOT = iphoneos;
				SWIFT_COMPILATION_MODE = wholemodule;
				VALIDATE_PRODUCT = YES;
			};
			name = Release;
		};
		E07A206D2C98041700557A22 /* Debug */ = {
			isa = XCBuildConfiguration;
			buildSettings = {
				ASSETCATALOG_COMPILER_APPICON_NAME = AppIcon;
				ASSETCATALOG_COMPILER_GLOBAL_ACCENT_COLOR_NAME = AccentColor;
				CODE_SIGN_STYLE = Automatic;
				CURRENT_PROJECT_VERSION = 1;
				DEVELOPMENT_ASSET_PATHS = "\"PopupLog/Preview Content\"";
				ENABLE_PREVIEWS = YES;
				GENERATE_INFOPLIST_FILE = YES;
				INFOPLIST_KEY_UIApplicationSceneManifest_Generation = YES;
				INFOPLIST_KEY_UIApplicationSupportsIndirectInputEvents = YES;
				INFOPLIST_KEY_UILaunchScreen_Generation = YES;
				INFOPLIST_KEY_UISupportedInterfaceOrientations = UIInterfaceOrientationPortrait;
				INFOPLIST_KEY_UISupportedInterfaceOrientations_iPad = "UIInterfaceOrientationLandscapeLeft UIInterfaceOrientationLandscapeRight UIInterfaceOrientationPortrait UIInterfaceOrientationPortraitUpsideDown";
				IPHONEOS_DEPLOYMENT_TARGET = 16.4;
				LD_RUNPATH_SEARCH_PATHS = (
					"$(inherited)",
					"@executable_path/Frameworks",
				);
				MARKETING_VERSION = 1.0;
				PRODUCT_BUNDLE_IDENTIFIER = jeongyun.PopupLog;
				PRODUCT_NAME = "$(TARGET_NAME)";
				SUPPORTED_PLATFORMS = "iphoneos iphonesimulator";
				SUPPORTS_MACCATALYST = NO;
				SUPPORTS_MAC_DESIGNED_FOR_IPHONE_IPAD = NO;
				SUPPORTS_XR_DESIGNED_FOR_IPHONE_IPAD = NO;
				SWIFT_EMIT_LOC_STRINGS = YES;
				SWIFT_VERSION = 5.0;
				TARGETED_DEVICE_FAMILY = 1;
			};
			name = Debug;
		};
		E07A206E2C98041700557A22 /* Release */ = {
			isa = XCBuildConfiguration;
			buildSettings = {
				ASSETCATALOG_COMPILER_APPICON_NAME = AppIcon;
				ASSETCATALOG_COMPILER_GLOBAL_ACCENT_COLOR_NAME = AccentColor;
				CODE_SIGN_STYLE = Automatic;
				CURRENT_PROJECT_VERSION = 1;
				DEVELOPMENT_ASSET_PATHS = "\"PopupLog/Preview Content\"";
				ENABLE_PREVIEWS = YES;
				GENERATE_INFOPLIST_FILE = YES;
				INFOPLIST_KEY_UIApplicationSceneManifest_Generation = YES;
				INFOPLIST_KEY_UIApplicationSupportsIndirectInputEvents = YES;
				INFOPLIST_KEY_UILaunchScreen_Generation = YES;
				INFOPLIST_KEY_UISupportedInterfaceOrientations = UIInterfaceOrientationPortrait;
				INFOPLIST_KEY_UISupportedInterfaceOrientations_iPad = "UIInterfaceOrientationLandscapeLeft UIInterfaceOrientationLandscapeRight UIInterfaceOrientationPortrait UIInterfaceOrientationPortraitUpsideDown";
				IPHONEOS_DEPLOYMENT_TARGET = 16.4;
				LD_RUNPATH_SEARCH_PATHS = (
					"$(inherited)",
					"@executable_path/Frameworks",
				);
				MARKETING_VERSION = 1.0;
				PRODUCT_BUNDLE_IDENTIFIER = jeongyun.PopupLog;
				PRODUCT_NAME = "$(TARGET_NAME)";
				SUPPORTED_PLATFORMS = "iphoneos iphonesimulator";
				SUPPORTS_MACCATALYST = NO;
				SUPPORTS_MAC_DESIGNED_FOR_IPHONE_IPAD = NO;
				SUPPORTS_XR_DESIGNED_FOR_IPHONE_IPAD = NO;
				SWIFT_EMIT_LOC_STRINGS = YES;
				SWIFT_VERSION = 5.0;
				TARGETED_DEVICE_FAMILY = 1;
			};
			name = Release;
		};
/* End XCBuildConfiguration section */

/* Begin XCConfigurationList section */
		E07A20592C98041600557A22 /* Build configuration list for PBXProject "PopupLog" */ = {
			isa = XCConfigurationList;
			buildConfigurations = (
				E07A206A2C98041700557A22 /* Debug */,
				E07A206B2C98041700557A22 /* Release */,
			);
			defaultConfigurationIsVisible = 0;
			defaultConfigurationName = Release;
		};
		E07A206C2C98041700557A22 /* Build configuration list for PBXNativeTarget "PopupLog" */ = {
			isa = XCConfigurationList;
			buildConfigurations = (
				E07A206D2C98041700557A22 /* Debug */,
				E07A206E2C98041700557A22 /* Release */,
			);
			defaultConfigurationIsVisible = 0;
			defaultConfigurationName = Release;
		};
/* End XCConfigurationList section */

/* Begin XCRemoteSwiftPackageReference section */
		E07A207D2C9804BE00557A22 /* XCRemoteSwiftPackageReference "SnapKit" */ = {
			isa = XCRemoteSwiftPackageReference;
			repositoryURL = "https://github.com/SnapKit/SnapKit";
			requirement = {
				kind = upToNextMajorVersion;
				minimumVersion = 5.7.1;
			};
		};
		E07A20802C9804C600557A22 /* XCRemoteSwiftPackageReference "FSCalendar" */ = {
			isa = XCRemoteSwiftPackageReference;
			repositoryURL = "https://github.com/WenchaoD/FSCalendar.git";
			requirement = {
				kind = upToNextMajorVersion;
				minimumVersion = 2.8.4;
			};
		};
/* End XCRemoteSwiftPackageReference section */

/* Begin XCSwiftPackageProductDependency section */
		E07A207E2C9804BE00557A22 /* SnapKit */ = {
			isa = XCSwiftPackageProductDependency;
			package = E07A207D2C9804BE00557A22 /* XCRemoteSwiftPackageReference "SnapKit" */;
			productName = SnapKit;
		};
		E07A20812C9804C600557A22 /* FSCalendar */ = {
			isa = XCSwiftPackageProductDependency;
			package = E07A20802C9804C600557A22 /* XCRemoteSwiftPackageReference "FSCalendar" */;
			productName = FSCalendar;
		};
/* End XCSwiftPackageProductDependency section */
	};
	rootObject = E07A20562C98041600557A22 /* Project object */;
}
