// !$*UTF8*$!
{
	archiveVersion = 1;
	classes = {
	};
	objectVersion = 56;
	objects = {

/* Begin PBXBuildFile section */
		E009D93D2C98897C00D07972 /* RoundedTextField.swift in Sources */ = {isa = PBXBuildFile; fileRef = E009D93C2C98897C00D07972 /* RoundedTextField.swift */; };
		E009D9422C99D28400D07972 /* ImageOnChangeWrapper.swift in Sources */ = {isa = PBXBuildFile; fileRef = E009D9412C99D28400D07972 /* ImageOnChangeWrapper.swift */; };
		E009D9442C99E92000D07972 /* TagButton.swift in Sources */ = {isa = PBXBuildFile; fileRef = E009D9432C99E92000D07972 /* TagButton.swift */; };
		E009D9462C9B1E1300D07972 /* AddViewModel.swift in Sources */ = {isa = PBXBuildFile; fileRef = E009D9452C9B1E1300D07972 /* AddViewModel.swift */; };
		E009D9512C9B342500D07972 /* APIKey.swift in Sources */ = {isa = PBXBuildFile; fileRef = E009D9502C9B342500D07972 /* APIKey.swift */; };
		E009D9532C9B34CB00D07972 /* NetworkService.swift in Sources */ = {isa = PBXBuildFile; fileRef = E009D9522C9B34CB00D07972 /* NetworkService.swift */; };
		E009D9562C9B34DE00D07972 /* Alamofire in Frameworks */ = {isa = PBXBuildFile; productRef = E009D9552C9B34DE00D07972 /* Alamofire */; };
		E009D95B2C9B36CC00D07972 /* SearchPlaceResults.swift in Sources */ = {isa = PBXBuildFile; fileRef = E009D95A2C9B36CC00D07972 /* SearchPlaceResults.swift */; };
		E009D95F2C9BFD9400D07972 /* Tag.swift in Sources */ = {isa = PBXBuildFile; fileRef = E009D95E2C9BFD9400D07972 /* Tag.swift */; };
		E009D96A2C9C02CB00D07972 /* RealmSwift in Frameworks */ = {isa = PBXBuildFile; productRef = E009D9692C9C02CB00D07972 /* RealmSwift */; };
		E009D96B2C9C02D700D07972 /* RealmSwift in Embed Frameworks */ = {isa = PBXBuildFile; productRef = E009D9692C9C02CB00D07972 /* RealmSwift */; settings = {ATTRIBUTES = (CodeSignOnCopy, ); }; };
		E009D96E2C9C8BB500D07972 /* Log.swift in Sources */ = {isa = PBXBuildFile; fileRef = E009D96D2C9C8BB500D07972 /* Log.swift */; };
		E009D9702C9C8E9F00D07972 /* LogRepository.swift in Sources */ = {isa = PBXBuildFile; fileRef = E009D96F2C9C8E9F00D07972 /* LogRepository.swift */; };
		E009D9722C9D610200D07972 /* BoolOnChangeWrapper.swift in Sources */ = {isa = PBXBuildFile; fileRef = E009D9712C9D610200D07972 /* BoolOnChangeWrapper.swift */; };
		E009D9782C9EAA5F00D07972 /* DBPlace.swift in Sources */ = {isa = PBXBuildFile; fileRef = E009D9772C9EAA5F00D07972 /* DBPlace.swift */; };
		E035D0B82C9F07FE0018AD8C /* DetailViewModel.swift in Sources */ = {isa = PBXBuildFile; fileRef = E035D0B72C9F07FE0018AD8C /* DetailViewModel.swift */; };
		E035D0BA2CA04B100018AD8C /* TagRepository.swift in Sources */ = {isa = PBXBuildFile; fileRef = E035D0B92CA04B100018AD8C /* TagRepository.swift */; };
		E035D0BC2CA056CC0018AD8C /* TagSettingView.swift in Sources */ = {isa = PBXBuildFile; fileRef = E035D0BB2CA056CC0018AD8C /* TagSettingView.swift */; };
		E035D0C02CA061F00018AD8C /* AddOrEditTagView.swift in Sources */ = {isa = PBXBuildFile; fileRef = E035D0BF2CA061F00018AD8C /* AddOrEditTagView.swift */; };
		E035D0CA2CA312400018AD8C /* View + Extension.swift in Sources */ = {isa = PBXBuildFile; fileRef = E035D0C92CA312400018AD8C /* View + Extension.swift */; };
		E064A9A12CA3ABDD00A4AE8C /* MCEmojiPicker in Frameworks */ = {isa = PBXBuildFile; productRef = E064A9A02CA3ABDD00A4AE8C /* MCEmojiPicker */; };
		E07A20622C98041600557A22 /* PopupLogApp.swift in Sources */ = {isa = PBXBuildFile; fileRef = E07A20612C98041600557A22 /* PopupLogApp.swift */; };
		E07A20642C98041600557A22 /* ContentView.swift in Sources */ = {isa = PBXBuildFile; fileRef = E07A20632C98041600557A22 /* ContentView.swift */; };
		E07A20662C98041700557A22 /* Assets.xcassets in Resources */ = {isa = PBXBuildFile; fileRef = E07A20652C98041700557A22 /* Assets.xcassets */; };
		E07A20692C98041700557A22 /* Preview Assets.xcassets in Resources */ = {isa = PBXBuildFile; fileRef = E07A20682C98041700557A22 /* Preview Assets.xcassets */; };
		E07A20702C98042900557A22 /* .gitignore in Resources */ = {isa = PBXBuildFile; fileRef = E07A206F2C98042900557A22 /* .gitignore */; };
		E07A20782C98046500557A22 /* Color + Extension.swift in Sources */ = {isa = PBXBuildFile; fileRef = E07A20772C98046500557A22 /* Color + Extension.swift */; };
		E07A207C2C9804B300557A22 /* FSCalendarViewControllerWrapper.swift in Sources */ = {isa = PBXBuildFile; fileRef = E07A207B2C9804B300557A22 /* FSCalendarViewControllerWrapper.swift */; };
		E07A207F2C9804BE00557A22 /* SnapKit in Frameworks */ = {isa = PBXBuildFile; productRef = E07A207E2C9804BE00557A22 /* SnapKit */; };
		E07A20822C9804C600557A22 /* FSCalendar in Frameworks */ = {isa = PBXBuildFile; productRef = E07A20812C9804C600557A22 /* FSCalendar */; };
		E07A20862C98050400557A22 /* CalendarCell.swift in Sources */ = {isa = PBXBuildFile; fileRef = E07A20852C98050400557A22 /* CalendarCell.swift */; };
		E07A20882C98055F00557A22 /* CalendarView.swift in Sources */ = {isa = PBXBuildFile; fileRef = E07A20872C98055F00557A22 /* CalendarView.swift */; };
		E07A208B2C98058D00557A22 /* CalendarViewModel.swift in Sources */ = {isa = PBXBuildFile; fileRef = E07A208A2C98058D00557A22 /* CalendarViewModel.swift */; };
		E07A208D2C9805BF00557A22 /* BottomSheetView.swift in Sources */ = {isa = PBXBuildFile; fileRef = E07A208C2C9805BF00557A22 /* BottomSheetView.swift */; };
		E07A20902C98062200557A22 /* Resources.swift in Sources */ = {isa = PBXBuildFile; fileRef = E07A208F2C98062200557A22 /* Resources.swift */; };
		E07A20922C98085E00557A22 /* Detents.swift in Sources */ = {isa = PBXBuildFile; fileRef = E07A20912C98085E00557A22 /* Detents.swift */; };
		E07A20952C980A0400557A22 /* NavigationBarWrapper.swift in Sources */ = {isa = PBXBuildFile; fileRef = E07A20942C980A0400557A22 /* NavigationBarWrapper.swift */; };
		E07A209A2C980C5E00557A22 /* BaseViewModel.swift in Sources */ = {isa = PBXBuildFile; fileRef = E07A20992C980C5E00557A22 /* BaseViewModel.swift */; };
		E07A20A02C981C8E00557A22 /* MenuContentsView.swift in Sources */ = {isa = PBXBuildFile; fileRef = E07A209F2C981C8E00557A22 /* MenuContentsView.swift */; };
		E07A20A22C981DD300557A22 /* SideMenuView.swift in Sources */ = {isa = PBXBuildFile; fileRef = E07A20A12C981DD300557A22 /* SideMenuView.swift */; };
		E07A20A42C981F1D00557A22 /* Texts.swift in Sources */ = {isa = PBXBuildFile; fileRef = E07A20A32C981F1D00557A22 /* Texts.swift */; };
		E07A20A72C9865A500557A22 /* SearchView.swift in Sources */ = {isa = PBXBuildFile; fileRef = E07A20A62C9865A500557A22 /* SearchView.swift */; };
		E07A20AD2C98690F00557A22 /* ChartView.swift in Sources */ = {isa = PBXBuildFile; fileRef = E07A20AC2C98690F00557A22 /* ChartView.swift */; };
		E07A20B02C98691A00557A22 /* AddOrEditView.swift in Sources */ = {isa = PBXBuildFile; fileRef = E07A20AF2C98691A00557A22 /* AddOrEditView.swift */; };
		E07A20B22C98693C00557A22 /* LazyNavigationView.swift in Sources */ = {isa = PBXBuildFile; fileRef = E07A20B12C98693C00557A22 /* LazyNavigationView.swift */; };
		E08002BC2C9EB8CF005EC98B /* DocumentManager.swift in Sources */ = {isa = PBXBuildFile; fileRef = E08002BB2C9EB8CF005EC98B /* DocumentManager.swift */; };
		E08002BF2C9ED37E005EC98B /* DetailView.swift in Sources */ = {isa = PBXBuildFile; fileRef = E08002BE2C9ED37E005EC98B /* DetailView.swift */; };
		E0A7E1742CA466F500390718 /* Date + Extension.swift in Sources */ = {isa = PBXBuildFile; fileRef = E0A7E1732CA466F500390718 /* Date + Extension.swift */; };
		E0A7E1762CA5C0B100390718 /* StackViewType.swift in Sources */ = {isa = PBXBuildFile; fileRef = E0A7E1752CA5C0B100390718 /* StackViewType.swift */; };
		E0A7E1782CA5C7C800390718 /* TicketRowView.swift in Sources */ = {isa = PBXBuildFile; fileRef = E0A7E1772CA5C7C800390718 /* TicketRowView.swift */; };
		E0A7E17A2CA639C300390718 /* StringOnChangeWrapper.swift in Sources */ = {isa = PBXBuildFile; fileRef = E0A7E1792CA639C300390718 /* StringOnChangeWrapper.swift */; };
/* End PBXBuildFile section */

/* Begin PBXCopyFilesBuildPhase section */
		E009D9672C9BFE2B00D07972 /* Embed Frameworks */ = {
			isa = PBXCopyFilesBuildPhase;
			buildActionMask = 2147483647;
			dstPath = "";
			dstSubfolderSpec = 10;
			files = (
				E009D96B2C9C02D700D07972 /* RealmSwift in Embed Frameworks */,
			);
			name = "Embed Frameworks";
			runOnlyForDeploymentPostprocessing = 0;
		};
/* End PBXCopyFilesBuildPhase section */

/* Begin PBXFileReference section */
		E009D93C2C98897C00D07972 /* RoundedTextField.swift */ = {isa = PBXFileReference; lastKnownFileType = sourcecode.swift; path = RoundedTextField.swift; sourceTree = "<group>"; };
		E009D9412C99D28400D07972 /* ImageOnChangeWrapper.swift */ = {isa = PBXFileReference; lastKnownFileType = sourcecode.swift; path = ImageOnChangeWrapper.swift; sourceTree = "<group>"; };
		E009D9432C99E92000D07972 /* TagButton.swift */ = {isa = PBXFileReference; lastKnownFileType = sourcecode.swift; path = TagButton.swift; sourceTree = "<group>"; };
		E009D9452C9B1E1300D07972 /* AddViewModel.swift */ = {isa = PBXFileReference; lastKnownFileType = sourcecode.swift; path = AddViewModel.swift; sourceTree = "<group>"; };
		E009D9502C9B342500D07972 /* APIKey.swift */ = {isa = PBXFileReference; lastKnownFileType = sourcecode.swift; path = APIKey.swift; sourceTree = "<group>"; };
		E009D9522C9B34CB00D07972 /* NetworkService.swift */ = {isa = PBXFileReference; lastKnownFileType = sourcecode.swift; path = NetworkService.swift; sourceTree = "<group>"; };
		E009D95A2C9B36CC00D07972 /* SearchPlaceResults.swift */ = {isa = PBXFileReference; lastKnownFileType = sourcecode.swift; path = SearchPlaceResults.swift; sourceTree = "<group>"; };
		E009D95E2C9BFD9400D07972 /* Tag.swift */ = {isa = PBXFileReference; lastKnownFileType = sourcecode.swift; path = Tag.swift; sourceTree = "<group>"; };
		E009D96D2C9C8BB500D07972 /* Log.swift */ = {isa = PBXFileReference; lastKnownFileType = sourcecode.swift; path = Log.swift; sourceTree = "<group>"; };
		E009D96F2C9C8E9F00D07972 /* LogRepository.swift */ = {isa = PBXFileReference; lastKnownFileType = sourcecode.swift; path = LogRepository.swift; sourceTree = "<group>"; };
		E009D9712C9D610200D07972 /* BoolOnChangeWrapper.swift */ = {isa = PBXFileReference; lastKnownFileType = sourcecode.swift; path = BoolOnChangeWrapper.swift; sourceTree = "<group>"; };
		E009D9772C9EAA5F00D07972 /* DBPlace.swift */ = {isa = PBXFileReference; lastKnownFileType = sourcecode.swift; path = DBPlace.swift; sourceTree = "<group>"; };
		E035D0B72C9F07FE0018AD8C /* DetailViewModel.swift */ = {isa = PBXFileReference; lastKnownFileType = sourcecode.swift; path = DetailViewModel.swift; sourceTree = "<group>"; };
		E035D0B92CA04B100018AD8C /* TagRepository.swift */ = {isa = PBXFileReference; lastKnownFileType = sourcecode.swift; path = TagRepository.swift; sourceTree = "<group>"; };
		E035D0BB2CA056CC0018AD8C /* TagSettingView.swift */ = {isa = PBXFileReference; lastKnownFileType = sourcecode.swift; path = TagSettingView.swift; sourceTree = "<group>"; };
		E035D0BF2CA061F00018AD8C /* AddOrEditTagView.swift */ = {isa = PBXFileReference; lastKnownFileType = sourcecode.swift; path = AddOrEditTagView.swift; sourceTree = "<group>"; };
		E035D0C92CA312400018AD8C /* View + Extension.swift */ = {isa = PBXFileReference; lastKnownFileType = sourcecode.swift; path = "View + Extension.swift"; sourceTree = "<group>"; };
		E07A205E2C98041600557A22 /* PopupLog.app */ = {isa = PBXFileReference; explicitFileType = wrapper.application; includeInIndex = 0; path = PopupLog.app; sourceTree = BUILT_PRODUCTS_DIR; };
		E07A20612C98041600557A22 /* PopupLogApp.swift */ = {isa = PBXFileReference; lastKnownFileType = sourcecode.swift; path = PopupLogApp.swift; sourceTree = "<group>"; };
		E07A20632C98041600557A22 /* ContentView.swift */ = {isa = PBXFileReference; lastKnownFileType = sourcecode.swift; path = ContentView.swift; sourceTree = "<group>"; };
		E07A20652C98041700557A22 /* Assets.xcassets */ = {isa = PBXFileReference; lastKnownFileType = folder.assetcatalog; path = Assets.xcassets; sourceTree = "<group>"; };
		E07A20682C98041700557A22 /* Preview Assets.xcassets */ = {isa = PBXFileReference; lastKnownFileType = folder.assetcatalog; path = "Preview Assets.xcassets"; sourceTree = "<group>"; };
		E07A206F2C98042900557A22 /* .gitignore */ = {isa = PBXFileReference; lastKnownFileType = text; path = .gitignore; sourceTree = "<group>"; };
		E07A20772C98046500557A22 /* Color + Extension.swift */ = {isa = PBXFileReference; lastKnownFileType = sourcecode.swift; path = "Color + Extension.swift"; sourceTree = "<group>"; };
		E07A207B2C9804B300557A22 /* FSCalendarViewControllerWrapper.swift */ = {isa = PBXFileReference; lastKnownFileType = sourcecode.swift; path = FSCalendarViewControllerWrapper.swift; sourceTree = "<group>"; };
		E07A20852C98050400557A22 /* CalendarCell.swift */ = {isa = PBXFileReference; lastKnownFileType = sourcecode.swift; path = CalendarCell.swift; sourceTree = "<group>"; };
		E07A20872C98055F00557A22 /* CalendarView.swift */ = {isa = PBXFileReference; lastKnownFileType = sourcecode.swift; path = CalendarView.swift; sourceTree = "<group>"; };
		E07A208A2C98058D00557A22 /* CalendarViewModel.swift */ = {isa = PBXFileReference; lastKnownFileType = sourcecode.swift; path = CalendarViewModel.swift; sourceTree = "<group>"; };
		E07A208C2C9805BF00557A22 /* BottomSheetView.swift */ = {isa = PBXFileReference; lastKnownFileType = sourcecode.swift; path = BottomSheetView.swift; sourceTree = "<group>"; };
		E07A208F2C98062200557A22 /* Resources.swift */ = {isa = PBXFileReference; lastKnownFileType = sourcecode.swift; name = Resources.swift; path = ResourceCases/Resources.swift; sourceTree = "<group>"; };
		E07A20912C98085E00557A22 /* Detents.swift */ = {isa = PBXFileReference; lastKnownFileType = sourcecode.swift; name = Detents.swift; path = ResourceCases/Detents.swift; sourceTree = "<group>"; };
		E07A20942C980A0400557A22 /* NavigationBarWrapper.swift */ = {isa = PBXFileReference; lastKnownFileType = sourcecode.swift; path = NavigationBarWrapper.swift; sourceTree = "<group>"; };
		E07A20992C980C5E00557A22 /* BaseViewModel.swift */ = {isa = PBXFileReference; lastKnownFileType = sourcecode.swift; path = BaseViewModel.swift; sourceTree = "<group>"; };
		E07A209F2C981C8E00557A22 /* MenuContentsView.swift */ = {isa = PBXFileReference; lastKnownFileType = sourcecode.swift; path = MenuContentsView.swift; sourceTree = "<group>"; };
		E07A20A12C981DD300557A22 /* SideMenuView.swift */ = {isa = PBXFileReference; lastKnownFileType = sourcecode.swift; path = SideMenuView.swift; sourceTree = "<group>"; };
		E07A20A32C981F1D00557A22 /* Texts.swift */ = {isa = PBXFileReference; lastKnownFileType = sourcecode.swift; name = Texts.swift; path = ResourceCases/Texts.swift; sourceTree = "<group>"; };
		E07A20A62C9865A500557A22 /* SearchView.swift */ = {isa = PBXFileReference; lastKnownFileType = sourcecode.swift; path = SearchView.swift; sourceTree = "<group>"; };
		E07A20AC2C98690F00557A22 /* ChartView.swift */ = {isa = PBXFileReference; lastKnownFileType = sourcecode.swift; path = ChartView.swift; sourceTree = "<group>"; };
		E07A20AF2C98691A00557A22 /* AddOrEditView.swift */ = {isa = PBXFileReference; lastKnownFileType = sourcecode.swift; path = AddOrEditView.swift; sourceTree = "<group>"; };
		E07A20B12C98693C00557A22 /* LazyNavigationView.swift */ = {isa = PBXFileReference; lastKnownFileType = sourcecode.swift; path = LazyNavigationView.swift; sourceTree = "<group>"; };
		E08002BB2C9EB8CF005EC98B /* DocumentManager.swift */ = {isa = PBXFileReference; lastKnownFileType = sourcecode.swift; path = DocumentManager.swift; sourceTree = "<group>"; };
		E08002BE2C9ED37E005EC98B /* DetailView.swift */ = {isa = PBXFileReference; lastKnownFileType = sourcecode.swift; path = DetailView.swift; sourceTree = "<group>"; };
		E0A7E1732CA466F500390718 /* Date + Extension.swift */ = {isa = PBXFileReference; lastKnownFileType = sourcecode.swift; path = "Date + Extension.swift"; sourceTree = "<group>"; };
		E0A7E1752CA5C0B100390718 /* StackViewType.swift */ = {isa = PBXFileReference; lastKnownFileType = sourcecode.swift; name = StackViewType.swift; path = ResourceCases/StackViewType.swift; sourceTree = "<group>"; };
		E0A7E1772CA5C7C800390718 /* TicketRowView.swift */ = {isa = PBXFileReference; lastKnownFileType = sourcecode.swift; path = TicketRowView.swift; sourceTree = "<group>"; };
		E0A7E1792CA639C300390718 /* StringOnChangeWrapper.swift */ = {isa = PBXFileReference; lastKnownFileType = sourcecode.swift; path = StringOnChangeWrapper.swift; sourceTree = "<group>"; };
/* End PBXFileReference section */

/* Begin PBXFrameworksBuildPhase section */
		E07A205B2C98041600557A22 /* Frameworks */ = {
			isa = PBXFrameworksBuildPhase;
			buildActionMask = 2147483647;
			files = (
				E009D96A2C9C02CB00D07972 /* RealmSwift in Frameworks */,
				E009D9562C9B34DE00D07972 /* Alamofire in Frameworks */,
				E07A207F2C9804BE00557A22 /* SnapKit in Frameworks */,
				E07A20822C9804C600557A22 /* FSCalendar in Frameworks */,
				E064A9A12CA3ABDD00A4AE8C /* MCEmojiPicker in Frameworks */,
			);
			runOnlyForDeploymentPostprocessing = 0;
		};
/* End PBXFrameworksBuildPhase section */

/* Begin PBXGroup section */
		E009D94F2C9B341E00D07972 /* Network */ = {
			isa = PBXGroup;
			children = (
				E009D9572C9B368D00D07972 /* Model */,
				E009D9502C9B342500D07972 /* APIKey.swift */,
				E009D9522C9B34CB00D07972 /* NetworkService.swift */,
			);
			path = Network;
			sourceTree = "<group>";
		};
		E009D9572C9B368D00D07972 /* Model */ = {
			isa = PBXGroup;
			children = (
				E009D95A2C9B36CC00D07972 /* SearchPlaceResults.swift */,
			);
			path = Model;
			sourceTree = "<group>";
		};
		E009D95C2C9BFD8500D07972 /* Database */ = {
			isa = PBXGroup;
			children = (
				E009D95D2C9BFD9000D07972 /* Model */,
				E009D96F2C9C8E9F00D07972 /* LogRepository.swift */,
				E08002BB2C9EB8CF005EC98B /* DocumentManager.swift */,
				E035D0B92CA04B100018AD8C /* TagRepository.swift */,
			);
			path = Database;
			sourceTree = "<group>";
		};
		E009D95D2C9BFD9000D07972 /* Model */ = {
			isa = PBXGroup;
			children = (
				E009D95E2C9BFD9400D07972 /* Tag.swift */,
				E009D96D2C9C8BB500D07972 /* Log.swift */,
				E009D9772C9EAA5F00D07972 /* DBPlace.swift */,
			);
			path = Model;
			sourceTree = "<group>";
		};
		E07A20552C98041600557A22 = {
			isa = PBXGroup;
			children = (
				E07A206F2C98042900557A22 /* .gitignore */,
				E07A20602C98041600557A22 /* PopupLog */,
				E07A205F2C98041600557A22 /* Products */,
			);
			sourceTree = "<group>";
		};
		E07A205F2C98041600557A22 /* Products */ = {
			isa = PBXGroup;
			children = (
				E07A205E2C98041600557A22 /* PopupLog.app */,
			);
			name = Products;
			sourceTree = "<group>";
		};
		E07A20602C98041600557A22 /* PopupLog */ = {
			isa = PBXGroup;
			children = (
				E009D95C2C9BFD8500D07972 /* Database */,
				E009D94F2C9B341E00D07972 /* Network */,
				E07A20B32C9869EA00557A22 /* CustomView */,
				E07A20932C9809FD00557A22 /* Wrapper */,
				E07A20762C98045D00557A22 /* Extension */,
				E07A20752C98045600557A22 /* Resources */,
				E0A7E1842CA6493F00390718 /* Pages */,
				E07A20612C98041600557A22 /* PopupLogApp.swift */,
				E07A20632C98041600557A22 /* ContentView.swift */,
				E07A20652C98041700557A22 /* Assets.xcassets */,
				E07A20672C98041700557A22 /* Preview Content */,
			);
			path = PopupLog;
			sourceTree = "<group>";
		};
		E07A20672C98041700557A22 /* Preview Content */ = {
			isa = PBXGroup;
			children = (
				E07A20682C98041700557A22 /* Preview Assets.xcassets */,
			);
			path = "Preview Content";
			sourceTree = "<group>";
		};
		E07A20752C98045600557A22 /* Resources */ = {
			isa = PBXGroup;
			children = (
				E07A208F2C98062200557A22 /* Resources.swift */,
				E07A20912C98085E00557A22 /* Detents.swift */,
				E07A20A32C981F1D00557A22 /* Texts.swift */,
				E0A7E1752CA5C0B100390718 /* StackViewType.swift */,
				E07A20992C980C5E00557A22 /* BaseViewModel.swift */,
			);
			path = Resources;
			sourceTree = "<group>";
		};
		E07A20762C98045D00557A22 /* Extension */ = {
			isa = PBXGroup;
			children = (
				E07A20772C98046500557A22 /* Color + Extension.swift */,
				E035D0C92CA312400018AD8C /* View + Extension.swift */,
				E0A7E1732CA466F500390718 /* Date + Extension.swift */,
			);
			name = Extension;
			path = Resources/Extension;
			sourceTree = "<group>";
		};
		E07A20792C98049D00557A22 /* Calendar */ = {
			isa = PBXGroup;
			children = (
				E07A209D2C981C3300557A22 /* SideMenu */,
				E07A207A2C9804A600557A22 /* FSCalendar */,
				E07A209E2C981C3B00557A22 /* BottomSheet */,
				E07A20872C98055F00557A22 /* CalendarView.swift */,
				E07A208A2C98058D00557A22 /* CalendarViewModel.swift */,
			);
			path = Calendar;
			sourceTree = "<group>";
		};
		E07A207A2C9804A600557A22 /* FSCalendar */ = {
			isa = PBXGroup;
			children = (
				E07A207B2C9804B300557A22 /* FSCalendarViewControllerWrapper.swift */,
				E07A20852C98050400557A22 /* CalendarCell.swift */,
			);
			path = FSCalendar;
			sourceTree = "<group>";
		};
		E07A20932C9809FD00557A22 /* Wrapper */ = {
			isa = PBXGroup;
			children = (
				E07A20942C980A0400557A22 /* NavigationBarWrapper.swift */,
				E009D93C2C98897C00D07972 /* RoundedTextField.swift */,
				E009D9412C99D28400D07972 /* ImageOnChangeWrapper.swift */,
				E009D9432C99E92000D07972 /* TagButton.swift */,
				E009D9712C9D610200D07972 /* BoolOnChangeWrapper.swift */,
				E0A7E1792CA639C300390718 /* StringOnChangeWrapper.swift */,
			);
			name = Wrapper;
			path = Resources/Wrapper;
			sourceTree = "<group>";
		};
		E07A209D2C981C3300557A22 /* SideMenu */ = {
			isa = PBXGroup;
			children = (
				E07A209F2C981C8E00557A22 /* MenuContentsView.swift */,
				E07A20A12C981DD300557A22 /* SideMenuView.swift */,
			);
			path = SideMenu;
			sourceTree = "<group>";
		};
		E07A209E2C981C3B00557A22 /* BottomSheet */ = {
			isa = PBXGroup;
			children = (
				E07A208C2C9805BF00557A22 /* BottomSheetView.swift */,
			);
			path = BottomSheet;
			sourceTree = "<group>";
		};
		E07A20A52C98659F00557A22 /* Search */ = {
			isa = PBXGroup;
			children = (
				E07A20A62C9865A500557A22 /* SearchView.swift */,
			);
			path = Search;
			sourceTree = "<group>";
		};
		E07A20A82C98673100557A22 /* Setting */ = {
			isa = PBXGroup;
			children = (
				E035D0BB2CA056CC0018AD8C /* TagSettingView.swift */,
				E035D0BF2CA061F00018AD8C /* AddOrEditTagView.swift */,
			);
			path = Setting;
			sourceTree = "<group>";
		};
		E07A20AB2C98690800557A22 /* Chart */ = {
			isa = PBXGroup;
			children = (
				E07A20AC2C98690F00557A22 /* ChartView.swift */,
			);
			path = Chart;
			sourceTree = "<group>";
		};
		E07A20AE2C98691400557A22 /* Add */ = {
			isa = PBXGroup;
			children = (
				E07A20AF2C98691A00557A22 /* AddOrEditView.swift */,
				E009D9452C9B1E1300D07972 /* AddViewModel.swift */,
			);
			path = Add;
			sourceTree = "<group>";
		};
		E07A20B32C9869EA00557A22 /* CustomView */ = {
			isa = PBXGroup;
			children = (
				E07A20B12C98693C00557A22 /* LazyNavigationView.swift */,
				E0A7E1772CA5C7C800390718 /* TicketRowView.swift */,
			);
			name = CustomView;
			path = Resources/CustomView;
			sourceTree = "<group>";
		};
		E08002BD2C9ED357005EC98B /* Detail */ = {
			isa = PBXGroup;
			children = (
				E08002BE2C9ED37E005EC98B /* DetailView.swift */,
				E035D0B72C9F07FE0018AD8C /* DetailViewModel.swift */,
			);
			path = Detail;
			sourceTree = "<group>";
		};
		E0A7E1842CA6493F00390718 /* Pages */ = {
			isa = PBXGroup;
			children = (
				E07A20A52C98659F00557A22 /* Search */,
				E07A20A82C98673100557A22 /* Setting */,
				E07A20AB2C98690800557A22 /* Chart */,
				E08002BD2C9ED357005EC98B /* Detail */,
				E07A20AE2C98691400557A22 /* Add */,
				E07A20792C98049D00557A22 /* Calendar */,
			);
			path = Pages;
			sourceTree = "<group>";
		};
/* End PBXGroup section */

/* Begin PBXNativeTarget section */
		E07A205D2C98041600557A22 /* PopupLog */ = {
			isa = PBXNativeTarget;
			buildConfigurationList = E07A206C2C98041700557A22 /* Build configuration list for PBXNativeTarget "PopupLog" */;
			buildPhases = (
				E07A205A2C98041600557A22 /* Sources */,
				E07A205B2C98041600557A22 /* Frameworks */,
				E07A205C2C98041600557A22 /* Resources */,
				E009D9672C9BFE2B00D07972 /* Embed Frameworks */,
			);
			buildRules = (
			);
			dependencies = (
			);
			name = PopupLog;
			packageProductDependencies = (
				E07A207E2C9804BE00557A22 /* SnapKit */,
				E07A20812C9804C600557A22 /* FSCalendar */,
				E009D9552C9B34DE00D07972 /* Alamofire */,
				E009D9692C9C02CB00D07972 /* RealmSwift */,
				E064A9A02CA3ABDD00A4AE8C /* MCEmojiPicker */,
			);
			productName = PopupLog;
			productReference = E07A205E2C98041600557A22 /* PopupLog.app */;
			productType = "com.apple.product-type.application";
		};
/* End PBXNativeTarget section */

/* Begin PBXProject section */
		E07A20562C98041600557A22 /* Project object */ = {
			isa = PBXProject;
			attributes = {
				BuildIndependentTargetsInParallel = 1;
				LastSwiftUpdateCheck = 1530;
				LastUpgradeCheck = 1530;
				TargetAttributes = {
					E07A205D2C98041600557A22 = {
						CreatedOnToolsVersion = 15.3;
					};
				};
			};
			buildConfigurationList = E07A20592C98041600557A22 /* Build configuration list for PBXProject "PopupLog" */;
			compatibilityVersion = "Xcode 14.0";
			developmentRegion = en;
			hasScannedForEncodings = 0;
			knownRegions = (
				en,
				Base,
			);
			mainGroup = E07A20552C98041600557A22;
			packageReferences = (
				E07A207D2C9804BE00557A22 /* XCRemoteSwiftPackageReference "SnapKit" */,
				E07A20802C9804C600557A22 /* XCRemoteSwiftPackageReference "FSCalendar" */,
				E009D9542C9B34DE00D07972 /* XCRemoteSwiftPackageReference "Alamofire" */,
				E009D9682C9C02CB00D07972 /* XCRemoteSwiftPackageReference "realm-swift" */,
				E064A99F2CA3ABDD00A4AE8C /* XCRemoteSwiftPackageReference "MCEmojiPicker" */,
			);
			productRefGroup = E07A205F2C98041600557A22 /* Products */;
			projectDirPath = "";
			projectRoot = "";
			targets = (
				E07A205D2C98041600557A22 /* PopupLog */,
			);
		};
/* End PBXProject section */

/* Begin PBXResourcesBuildPhase section */
		E07A205C2C98041600557A22 /* Resources */ = {
			isa = PBXResourcesBuildPhase;
			buildActionMask = 2147483647;
			files = (
				E07A20692C98041700557A22 /* Preview Assets.xcassets in Resources */,
				E07A20702C98042900557A22 /* .gitignore in Resources */,
				E07A20662C98041700557A22 /* Assets.xcassets in Resources */,
			);
			runOnlyForDeploymentPostprocessing = 0;
		};
/* End PBXResourcesBuildPhase section */

/* Begin PBXSourcesBuildPhase section */
		E07A205A2C98041600557A22 /* Sources */ = {
			isa = PBXSourcesBuildPhase;
			buildActionMask = 2147483647;
			files = (
				E07A20642C98041600557A22 /* ContentView.swift in Sources */,
				E07A208D2C9805BF00557A22 /* BottomSheetView.swift in Sources */,
				E07A20952C980A0400557A22 /* NavigationBarWrapper.swift in Sources */,
				E035D0CA2CA312400018AD8C /* View + Extension.swift in Sources */,
				E07A20A42C981F1D00557A22 /* Texts.swift in Sources */,
				E009D9722C9D610200D07972 /* BoolOnChangeWrapper.swift in Sources */,
				E009D93D2C98897C00D07972 /* RoundedTextField.swift in Sources */,
				E07A20622C98041600557A22 /* PopupLogApp.swift in Sources */,
				E009D9702C9C8E9F00D07972 /* LogRepository.swift in Sources */,
				E07A20AD2C98690F00557A22 /* ChartView.swift in Sources */,
				E0A7E1742CA466F500390718 /* Date + Extension.swift in Sources */,
				E035D0C02CA061F00018AD8C /* AddOrEditTagView.swift in Sources */,
				E07A20B22C98693C00557A22 /* LazyNavigationView.swift in Sources */,
				E07A20922C98085E00557A22 /* Detents.swift in Sources */,
				E07A209A2C980C5E00557A22 /* BaseViewModel.swift in Sources */,
				E009D9422C99D28400D07972 /* ImageOnChangeWrapper.swift in Sources */,
				E07A20882C98055F00557A22 /* CalendarView.swift in Sources */,
				E07A20782C98046500557A22 /* Color + Extension.swift in Sources */,
				E035D0BC2CA056CC0018AD8C /* TagSettingView.swift in Sources */,
				E07A20B02C98691A00557A22 /* AddOrEditView.swift in Sources */,
				E07A20A22C981DD300557A22 /* SideMenuView.swift in Sources */,
				E08002BC2C9EB8CF005EC98B /* DocumentManager.swift in Sources */,
				E08002BF2C9ED37E005EC98B /* DetailView.swift in Sources */,
				E07A207C2C9804B300557A22 /* FSCalendarViewControllerWrapper.swift in Sources */,
				E009D9782C9EAA5F00D07972 /* DBPlace.swift in Sources */,
				E009D9442C99E92000D07972 /* TagButton.swift in Sources */,
				E035D0B82C9F07FE0018AD8C /* DetailViewModel.swift in Sources */,
				E009D9462C9B1E1300D07972 /* AddViewModel.swift in Sources */,
				E009D9512C9B342500D07972 /* APIKey.swift in Sources */,
				E07A20902C98062200557A22 /* Resources.swift in Sources */,
				E07A20A72C9865A500557A22 /* SearchView.swift in Sources */,
				E07A20A02C981C8E00557A22 /* MenuContentsView.swift in Sources */,
				E0A7E1762CA5C0B100390718 /* StackViewType.swift in Sources */,
				E009D95B2C9B36CC00D07972 /* SearchPlaceResults.swift in Sources */,
				E0A7E1782CA5C7C800390718 /* TicketRowView.swift in Sources */,
				E009D95F2C9BFD9400D07972 /* Tag.swift in Sources */,
				E07A20862C98050400557A22 /* CalendarCell.swift in Sources */,
				E009D9532C9B34CB00D07972 /* NetworkService.swift in Sources */,
				E07A208B2C98058D00557A22 /* CalendarViewModel.swift in Sources */,
				E035D0BA2CA04B100018AD8C /* TagRepository.swift in Sources */,
				E0A7E17A2CA639C300390718 /* StringOnChangeWrapper.swift in Sources */,
				E009D96E2C9C8BB500D07972 /* Log.swift in Sources */,
			);
			runOnlyForDeploymentPostprocessing = 0;
		};
/* End PBXSourcesBuildPhase section */

/* Begin XCBuildConfiguration section */
		E07A206A2C98041700557A22 /* Debug */ = {
			isa = XCBuildConfiguration;
			buildSettings = {
				ALWAYS_SEARCH_USER_PATHS = NO;
				ASSETCATALOG_COMPILER_GENERATE_SWIFT_ASSET_SYMBOL_EXTENSIONS = YES;
				CLANG_ANALYZER_NONNULL = YES;
				CLANG_ANALYZER_NUMBER_OBJECT_CONVERSION = YES_AGGRESSIVE;
				CLANG_CXX_LANGUAGE_STANDARD = "gnu++20";
				CLANG_ENABLE_MODULES = YES;
				CLANG_ENABLE_OBJC_ARC = YES;
				CLANG_ENABLE_OBJC_WEAK = YES;
				CLANG_WARN_BLOCK_CAPTURE_AUTORELEASING = YES;
				CLANG_WARN_BOOL_CONVERSION = YES;
				CLANG_WARN_COMMA = YES;
				CLANG_WARN_CONSTANT_CONVERSION = YES;
				CLANG_WARN_DEPRECATED_OBJC_IMPLEMENTATIONS = YES;
				CLANG_WARN_DIRECT_OBJC_ISA_USAGE = YES_ERROR;
				CLANG_WARN_DOCUMENTATION_COMMENTS = YES;
				CLANG_WARN_EMPTY_BODY = YES;
				CLANG_WARN_ENUM_CONVERSION = YES;
				CLANG_WARN_INFINITE_RECURSION = YES;
				CLANG_WARN_INT_CONVERSION = YES;
				CLANG_WARN_NON_LITERAL_NULL_CONVERSION = YES;
				CLANG_WARN_OBJC_IMPLICIT_RETAIN_SELF = YES;
				CLANG_WARN_OBJC_LITERAL_CONVERSION = YES;
				CLANG_WARN_OBJC_ROOT_CLASS = YES_ERROR;
				CLANG_WARN_QUOTED_INCLUDE_IN_FRAMEWORK_HEADER = YES;
				CLANG_WARN_RANGE_LOOP_ANALYSIS = YES;
				CLANG_WARN_STRICT_PROTOTYPES = YES;
				CLANG_WARN_SUSPICIOUS_MOVE = YES;
				CLANG_WARN_UNGUARDED_AVAILABILITY = YES_AGGRESSIVE;
				CLANG_WARN_UNREACHABLE_CODE = YES;
				CLANG_WARN__DUPLICATE_METHOD_MATCH = YES;
				COPY_PHASE_STRIP = NO;
				DEBUG_INFORMATION_FORMAT = dwarf;
				ENABLE_STRICT_OBJC_MSGSEND = YES;
				ENABLE_TESTABILITY = YES;
				ENABLE_USER_SCRIPT_SANDBOXING = YES;
				GCC_C_LANGUAGE_STANDARD = gnu17;
				GCC_DYNAMIC_NO_PIC = NO;
				GCC_NO_COMMON_BLOCKS = YES;
				GCC_OPTIMIZATION_LEVEL = 0;
				GCC_PREPROCESSOR_DEFINITIONS = (
					"DEBUG=1",
					"$(inherited)",
				);
				GCC_WARN_64_TO_32_BIT_CONVERSION = YES;
				GCC_WARN_ABOUT_RETURN_TYPE = YES_ERROR;
				GCC_WARN_UNDECLARED_SELECTOR = YES;
				GCC_WARN_UNINITIALIZED_AUTOS = YES_AGGRESSIVE;
				GCC_WARN_UNUSED_FUNCTION = YES;
				GCC_WARN_UNUSED_VARIABLE = YES;
				IPHONEOS_DEPLOYMENT_TARGET = 16.4;
				LOCALIZATION_PREFERS_STRING_CATALOGS = YES;
				MTL_ENABLE_DEBUG_INFO = INCLUDE_SOURCE;
				MTL_FAST_MATH = YES;
				ONLY_ACTIVE_ARCH = YES;
				SDKROOT = iphoneos;
				SWIFT_ACTIVE_COMPILATION_CONDITIONS = "DEBUG $(inherited)";
				SWIFT_OPTIMIZATION_LEVEL = "-Onone";
			};
			name = Debug;
		};
		E07A206B2C98041700557A22 /* Release */ = {
			isa = XCBuildConfiguration;
			buildSettings = {
				ALWAYS_SEARCH_USER_PATHS = NO;
				ASSETCATALOG_COMPILER_GENERATE_SWIFT_ASSET_SYMBOL_EXTENSIONS = YES;
				CLANG_ANALYZER_NONNULL = YES;
				CLANG_ANALYZER_NUMBER_OBJECT_CONVERSION = YES_AGGRESSIVE;
				CLANG_CXX_LANGUAGE_STANDARD = "gnu++20";
				CLANG_ENABLE_MODULES = YES;
				CLANG_ENABLE_OBJC_ARC = YES;
				CLANG_ENABLE_OBJC_WEAK = YES;
				CLANG_WARN_BLOCK_CAPTURE_AUTORELEASING = YES;
				CLANG_WARN_BOOL_CONVERSION = YES;
				CLANG_WARN_COMMA = YES;
				CLANG_WARN_CONSTANT_CONVERSION = YES;
				CLANG_WARN_DEPRECATED_OBJC_IMPLEMENTATIONS = YES;
				CLANG_WARN_DIRECT_OBJC_ISA_USAGE = YES_ERROR;
				CLANG_WARN_DOCUMENTATION_COMMENTS = YES;
				CLANG_WARN_EMPTY_BODY = YES;
				CLANG_WARN_ENUM_CONVERSION = YES;
				CLANG_WARN_INFINITE_RECURSION = YES;
				CLANG_WARN_INT_CONVERSION = YES;
				CLANG_WARN_NON_LITERAL_NULL_CONVERSION = YES;
				CLANG_WARN_OBJC_IMPLICIT_RETAIN_SELF = YES;
				CLANG_WARN_OBJC_LITERAL_CONVERSION = YES;
				CLANG_WARN_OBJC_ROOT_CLASS = YES_ERROR;
				CLANG_WARN_QUOTED_INCLUDE_IN_FRAMEWORK_HEADER = YES;
				CLANG_WARN_RANGE_LOOP_ANALYSIS = YES;
				CLANG_WARN_STRICT_PROTOTYPES = YES;
				CLANG_WARN_SUSPICIOUS_MOVE = YES;
				CLANG_WARN_UNGUARDED_AVAILABILITY = YES_AGGRESSIVE;
				CLANG_WARN_UNREACHABLE_CODE = YES;
				CLANG_WARN__DUPLICATE_METHOD_MATCH = YES;
				COPY_PHASE_STRIP = NO;
				DEBUG_INFORMATION_FORMAT = "dwarf-with-dsym";
				ENABLE_NS_ASSERTIONS = NO;
				ENABLE_STRICT_OBJC_MSGSEND = YES;
				ENABLE_USER_SCRIPT_SANDBOXING = YES;
				GCC_C_LANGUAGE_STANDARD = gnu17;
				GCC_NO_COMMON_BLOCKS = YES;
				GCC_WARN_64_TO_32_BIT_CONVERSION = YES;
				GCC_WARN_ABOUT_RETURN_TYPE = YES_ERROR;
				GCC_WARN_UNDECLARED_SELECTOR = YES;
				GCC_WARN_UNINITIALIZED_AUTOS = YES_AGGRESSIVE;
				GCC_WARN_UNUSED_FUNCTION = YES;
				GCC_WARN_UNUSED_VARIABLE = YES;
				IPHONEOS_DEPLOYMENT_TARGET = 16.4;
				LOCALIZATION_PREFERS_STRING_CATALOGS = YES;
				MTL_ENABLE_DEBUG_INFO = NO;
				MTL_FAST_MATH = YES;
				SDKROOT = iphoneos;
				SWIFT_COMPILATION_MODE = wholemodule;
				VALIDATE_PRODUCT = YES;
			};
			name = Release;
		};
		E07A206D2C98041700557A22 /* Debug */ = {
			isa = XCBuildConfiguration;
			buildSettings = {
				ASSETCATALOG_COMPILER_APPICON_NAME = AppIcon;
				ASSETCATALOG_COMPILER_GLOBAL_ACCENT_COLOR_NAME = AccentColor;
				CODE_SIGN_STYLE = Automatic;
				CURRENT_PROJECT_VERSION = 1;
				DEVELOPMENT_ASSET_PATHS = "\"PopupLog/Preview Content\"";
				DEVELOPMENT_TEAM = L348QC8MG7;
				ENABLE_PREVIEWS = YES;
				GENERATE_INFOPLIST_FILE = YES;
				INFOPLIST_KEY_CFBundleDisplayName = "팝업로그";
				INFOPLIST_KEY_UIApplicationSceneManifest_Generation = YES;
				INFOPLIST_KEY_UIApplicationSupportsIndirectInputEvents = YES;
				INFOPLIST_KEY_UILaunchScreen_Generation = YES;
				INFOPLIST_KEY_UISupportedInterfaceOrientations = UIInterfaceOrientationPortrait;
				INFOPLIST_KEY_UISupportedInterfaceOrientations_iPad = "UIInterfaceOrientationLandscapeLeft UIInterfaceOrientationLandscapeRight UIInterfaceOrientationPortrait UIInterfaceOrientationPortraitUpsideDown";
				IPHONEOS_DEPLOYMENT_TARGET = 16.4;
				LD_RUNPATH_SEARCH_PATHS = (
					"$(inherited)",
					"@executable_path/Frameworks",
				);
				MARKETING_VERSION = 1.0;
				PRODUCT_BUNDLE_IDENTIFIER = jeongyun.PopupLog;
				PRODUCT_NAME = "$(TARGET_NAME)";
				SUPPORTED_PLATFORMS = "iphoneos iphonesimulator";
				SUPPORTS_MACCATALYST = NO;
				SUPPORTS_MAC_DESIGNED_FOR_IPHONE_IPAD = NO;
				SUPPORTS_XR_DESIGNED_FOR_IPHONE_IPAD = NO;
				SWIFT_EMIT_LOC_STRINGS = YES;
				SWIFT_VERSION = 5.0;
				TARGETED_DEVICE_FAMILY = 1;
			};
			name = Debug;
		};
		E07A206E2C98041700557A22 /* Release */ = {
			isa = XCBuildConfiguration;
			buildSettings = {
				ASSETCATALOG_COMPILER_APPICON_NAME = AppIcon;
				ASSETCATALOG_COMPILER_GLOBAL_ACCENT_COLOR_NAME = AccentColor;
				CODE_SIGN_STYLE = Automatic;
				CURRENT_PROJECT_VERSION = 1;
				DEVELOPMENT_ASSET_PATHS = "\"PopupLog/Preview Content\"";
				DEVELOPMENT_TEAM = L348QC8MG7;
				ENABLE_PREVIEWS = YES;
				GENERATE_INFOPLIST_FILE = YES;
				INFOPLIST_KEY_CFBundleDisplayName = "팝업로그";
				INFOPLIST_KEY_UIApplicationSceneManifest_Generation = YES;
				INFOPLIST_KEY_UIApplicationSupportsIndirectInputEvents = YES;
				INFOPLIST_KEY_UILaunchScreen_Generation = YES;
				INFOPLIST_KEY_UISupportedInterfaceOrientations = UIInterfaceOrientationPortrait;
				INFOPLIST_KEY_UISupportedInterfaceOrientations_iPad = "UIInterfaceOrientationLandscapeLeft UIInterfaceOrientationLandscapeRight UIInterfaceOrientationPortrait UIInterfaceOrientationPortraitUpsideDown";
				IPHONEOS_DEPLOYMENT_TARGET = 16.4;
				LD_RUNPATH_SEARCH_PATHS = (
					"$(inherited)",
					"@executable_path/Frameworks",
				);
				MARKETING_VERSION = 1.0;
				PRODUCT_BUNDLE_IDENTIFIER = jeongyun.PopupLog;
				PRODUCT_NAME = "$(TARGET_NAME)";
				SUPPORTED_PLATFORMS = "iphoneos iphonesimulator";
				SUPPORTS_MACCATALYST = NO;
				SUPPORTS_MAC_DESIGNED_FOR_IPHONE_IPAD = NO;
				SUPPORTS_XR_DESIGNED_FOR_IPHONE_IPAD = NO;
				SWIFT_EMIT_LOC_STRINGS = YES;
				SWIFT_VERSION = 5.0;
				TARGETED_DEVICE_FAMILY = 1;
			};
			name = Release;
		};
/* End XCBuildConfiguration section */

/* Begin XCConfigurationList section */
		E07A20592C98041600557A22 /* Build configuration list for PBXProject "PopupLog" */ = {
			isa = XCConfigurationList;
			buildConfigurations = (
				E07A206A2C98041700557A22 /* Debug */,
				E07A206B2C98041700557A22 /* Release */,
			);
			defaultConfigurationIsVisible = 0;
			defaultConfigurationName = Release;
		};
		E07A206C2C98041700557A22 /* Build configuration list for PBXNativeTarget "PopupLog" */ = {
			isa = XCConfigurationList;
			buildConfigurations = (
				E07A206D2C98041700557A22 /* Debug */,
				E07A206E2C98041700557A22 /* Release */,
			);
			defaultConfigurationIsVisible = 0;
			defaultConfigurationName = Release;
		};
/* End XCConfigurationList section */

/* Begin XCRemoteSwiftPackageReference section */
		E009D9542C9B34DE00D07972 /* XCRemoteSwiftPackageReference "Alamofire" */ = {
			isa = XCRemoteSwiftPackageReference;
			repositoryURL = "https://github.com/Alamofire/Alamofire";
			requirement = {
				kind = upToNextMajorVersion;
				minimumVersion = 5.9.1;
			};
		};
		E009D9682C9C02CB00D07972 /* XCRemoteSwiftPackageReference "realm-swift" */ = {
			isa = XCRemoteSwiftPackageReference;
			repositoryURL = "https://github.com/realm/realm-swift.git";
			requirement = {
				kind = exactVersion;
				version = 20.0.0;
			};
		};
		E064A99F2CA3ABDD00A4AE8C /* XCRemoteSwiftPackageReference "MCEmojiPicker" */ = {
			isa = XCRemoteSwiftPackageReference;
			repositoryURL = "https://github.com/izyumkin/MCEmojiPicker.git";
			requirement = {
				kind = upToNextMajorVersion;
				minimumVersion = 1.2.3;
			};
		};
		E07A207D2C9804BE00557A22 /* XCRemoteSwiftPackageReference "SnapKit" */ = {
			isa = XCRemoteSwiftPackageReference;
			repositoryURL = "https://github.com/SnapKit/SnapKit";
			requirement = {
				kind = upToNextMajorVersion;
				minimumVersion = 5.7.1;
			};
		};
		E07A20802C9804C600557A22 /* XCRemoteSwiftPackageReference "FSCalendar" */ = {
			isa = XCRemoteSwiftPackageReference;
			repositoryURL = "https://github.com/WenchaoD/FSCalendar.git";
			requirement = {
				kind = upToNextMajorVersion;
				minimumVersion = 2.8.4;
			};
		};
/* End XCRemoteSwiftPackageReference section */

/* Begin XCSwiftPackageProductDependency section */
		E009D9552C9B34DE00D07972 /* Alamofire */ = {
			isa = XCSwiftPackageProductDependency;
			package = E009D9542C9B34DE00D07972 /* XCRemoteSwiftPackageReference "Alamofire" */;
			productName = Alamofire;
		};
		E009D9692C9C02CB00D07972 /* RealmSwift */ = {
			isa = XCSwiftPackageProductDependency;
			package = E009D9682C9C02CB00D07972 /* XCRemoteSwiftPackageReference "realm-swift" */;
			productName = RealmSwift;
		};
		E064A9A02CA3ABDD00A4AE8C /* MCEmojiPicker */ = {
			isa = XCSwiftPackageProductDependency;
			package = E064A99F2CA3ABDD00A4AE8C /* XCRemoteSwiftPackageReference "MCEmojiPicker" */;
			productName = MCEmojiPicker;
		};
		E07A207E2C9804BE00557A22 /* SnapKit */ = {
			isa = XCSwiftPackageProductDependency;
			package = E07A207D2C9804BE00557A22 /* XCRemoteSwiftPackageReference "SnapKit" */;
			productName = SnapKit;
		};
		E07A20812C9804C600557A22 /* FSCalendar */ = {
			isa = XCSwiftPackageProductDependency;
			package = E07A20802C9804C600557A22 /* XCRemoteSwiftPackageReference "FSCalendar" */;
			productName = FSCalendar;
		};
/* End XCSwiftPackageProductDependency section */
	};
	rootObject = E07A20562C98041600557A22 /* Project object */;
}
